// !$*UTF8*$!
{
	archiveVersion = 1;
	classes = {
	};
	objectVersion = 90;
	objects = {

/* Begin PBXBuildFile section */
		456187F426F66FE400FAE4F8 /* KeychainAccess in Frameworks */ = {isa = PBXBuildFile; productRef = 456187F326F66FE400FAE4F8 /* KeychainAccess */; };
		456187F626F6741A00FAE4F8 /* KeychainAccess in Frameworks */ = {isa = PBXBuildFile; productRef = 456187F526F6741A00FAE4F8 /* KeychainAccess */; };
		45CAC1092615CB8100FF63E7 /* AppStoreConnect-Swift-SDK in Frameworks */ = {isa = PBXBuildFile; productRef = 45CAC1082615CB8100FF63E7 /* AppStoreConnect-Swift-SDK */; };
		45CAC10B2615CBC200FF63E7 /* Gzip in Frameworks */ = {isa = PBXBuildFile; productRef = 45CAC10A2615CBC200FF63E7 /* Gzip */; };
		45CAC10D2615CBC700FF63E7 /* SwiftCSV in Frameworks */ = {isa = PBXBuildFile; productRef = 45CAC10C2615CBC700FF63E7 /* SwiftCSV */; };
		45CAC10F2615CBCB00FF63E7 /* AppStoreConnect-Swift-SDK in Frameworks */ = {isa = PBXBuildFile; productRef = 45CAC10E2615CBCB00FF63E7 /* AppStoreConnect-Swift-SDK */; };
		45E8C4972612531D007F9B0E /* WidgetKit.framework in Frameworks */ = {isa = PBXBuildFile; fileRef = 45E8C4962612531D007F9B0E /* WidgetKit.framework */; };
		45E8C4992612531D007F9B0E /* SwiftUI.framework in Frameworks */ = {isa = PBXBuildFile; fileRef = 45E8C4982612531D007F9B0E /* SwiftUI.framework */; };
		45E8C4A52612531E007F9B0E /* WidgetsExtension.appex in Embed Foundation Extensions */ = {isa = PBXBuildFile; fileRef = 45E8C4942612531D007F9B0E /* WidgetsExtension.appex */; settings = {ATTRIBUTES = (RemoveHeadersOnCopy, ); }; };
		45E8C4BD261267FB007F9B0E /* Gzip in Frameworks */ = {isa = PBXBuildFile; productRef = 45E8C4BC261267FB007F9B0E /* Gzip */; };
		45E8C4C0261268D4007F9B0E /* SwiftCSV in Frameworks */ = {isa = PBXBuildFile; productRef = 45E8C4BF261268D4007F9B0E /* SwiftCSV */; };
/* End PBXBuildFile section */

/* Begin PBXContainerItemProxy section */
		45E8C4A32612531E007F9B0E /* PBXContainerItemProxy */ = {
			isa = PBXContainerItemProxy;
			containerPortal = 45E8C4752612512E007F9B0E /* Project object */;
			proxyType = 1;
			remoteGlobalIDString = 45E8C4932612531D007F9B0E;
			remoteInfo = WidgetsExtension;
		};
/* End PBXContainerItemProxy section */

/* Begin PBXCopyFilesBuildPhase section */
		45E8C4AA2612531E007F9B0E /* Embed Foundation Extensions */ = {
			isa = PBXCopyFilesBuildPhase;
			dstPath = "";
			dstSubfolder = PlugIns;
			files = (
				45E8C4A52612531E007F9B0E /* WidgetsExtension.appex in Embed Foundation Extensions */,
			);
			name = "Embed Foundation Extensions";
		};
/* End PBXCopyFilesBuildPhase section */

/* Begin PBXFileReference section */
		1B25FAB52AECD18900C697B2 /* AppIntents.framework */ = {isa = PBXFileReference; lastKnownFileType = wrapper.framework; name = AppIntents.framework; path = System/Library/Frameworks/AppIntents.framework; sourceTree = SDKROOT; };
		45E8C47D2612512E007F9B0E /* App Sales.app */ = {isa = PBXFileReference; explicitFileType = wrapper.application; includeInIndex = 0; path = "App Sales.app"; sourceTree = BUILT_PRODUCTS_DIR; };
		45E8C4942612531D007F9B0E /* WidgetsExtension.appex */ = {isa = PBXFileReference; explicitFileType = "wrapper.app-extension"; includeInIndex = 0; path = WidgetsExtension.appex; sourceTree = BUILT_PRODUCTS_DIR; };
		45E8C4962612531D007F9B0E /* WidgetKit.framework */ = {isa = PBXFileReference; lastKnownFileType = wrapper.framework; name = WidgetKit.framework; path = System/Library/Frameworks/WidgetKit.framework; sourceTree = SDKROOT; };
		45E8C4982612531D007F9B0E /* SwiftUI.framework */ = {isa = PBXFileReference; lastKnownFileType = wrapper.framework; name = SwiftUI.framework; path = System/Library/Frameworks/SwiftUI.framework; sourceTree = SDKROOT; };
		45E8C4A62612531E007F9B0E /* WidgetsExtension.entitlements */ = {isa = PBXFileReference; lastKnownFileType = text.plist.entitlements; path = WidgetsExtension.entitlements; sourceTree = "<group>"; };
		45FD5192261915F200603D8A /* Intents.framework */ = {isa = PBXFileReference; lastKnownFileType = wrapper.framework; name = Intents.framework; path = System/Library/Frameworks/Intents.framework; sourceTree = SDKROOT; };
/* End PBXFileReference section */

/* Begin PBXFileSystemSynchronizedBuildFileExceptionSet section */
		1B7DF8D92E24173D0071B353 /* Exceptions for "App Sales" folder in "App Sales" target */ = {
			isa = PBXFileSystemSynchronizedBuildFileExceptionSet;
			membershipExceptions = (
				Info.plist,
			);
			target = 45E8C47C2612512E007F9B0E /* App Sales */;
		};
		1B7DF8DA2E24173D0071B353 /* Exceptions for "App Sales" folder in "WidgetsExtension" target */ = {
			isa = PBXFileSystemSynchronizedBuildFileExceptionSet;
			membershipExceptions = (
				App.icon,
				AppSalesApp.swift,
				Info.plist,
				Views/AccountDetailView.swift,
				Views/AccountsList.swift,
				Views/HomeView.swift,
				Views/NewAccountView.swift,
			);
			target = 45E8C4932612531D007F9B0E /* WidgetsExtension */;
		};
		1B7DF8E92E2417540071B353 /* Exceptions for "Widgets" folder in "App Sales" target */ = {
			isa = PBXFileSystemSynchronizedBuildFileExceptionSet;
			membershipExceptions = (
				ErrorWidget.swift,
			);
			target = 45E8C47C2612512E007F9B0E /* App Sales */;
		};
		1B7DF8EA2E2417540071B353 /* Exceptions for "Widgets" folder in "WidgetsExtension" target */ = {
			isa = PBXFileSystemSynchronizedBuildFileExceptionSet;
			membershipExceptions = (
				Info.plist,
			);
			target = 45E8C4932612531D007F9B0E /* WidgetsExtension */;
		};
/* End PBXFileSystemSynchronizedBuildFileExceptionSet section */

/* Begin PBXFileSystemSynchronizedRootGroup section */
		1B7DF8A62E24173D0071B353 /* App Sales */ = {
			isa = PBXFileSystemSynchronizedRootGroup;
			exceptions = (
				1B7DF8D92E24173D0071B353 /* Exceptions for "App Sales" folder in "App Sales" target */,
				1B7DF8DA2E24173D0071B353 /* Exceptions for "App Sales" folder in "WidgetsExtension" target */,
			);
			path = "App Sales";
			sourceTree = "<group>";
		};
		1B7DF8E12E2417540071B353 /* Widgets */ = {
			isa = PBXFileSystemSynchronizedRootGroup;
			exceptions = (
				1B7DF8E92E2417540071B353 /* Exceptions for "Widgets" folder in "App Sales" target */,
				1B7DF8EA2E2417540071B353 /* Exceptions for "Widgets" folder in "WidgetsExtension" target */,
			);
			path = Widgets;
			sourceTree = "<group>";
		};
/* End PBXFileSystemSynchronizedRootGroup section */

/* Begin PBXFrameworksBuildPhase section */
		45E8C47A2612512E007F9B0E /* Frameworks */ = {
			isa = PBXFrameworksBuildPhase;
			files = (
				45E8C4C0261268D4007F9B0E /* SwiftCSV in Frameworks */,
				456187F426F66FE400FAE4F8 /* KeychainAccess in Frameworks */,
				45E8C4BD261267FB007F9B0E /* Gzip in Frameworks */,
				45CAC1092615CB8100FF63E7 /* AppStoreConnect-Swift-SDK in Frameworks */,
			);
		};
		45E8C4912612531D007F9B0E /* Frameworks */ = {
			isa = PBXFrameworksBuildPhase;
			files = (
				45E8C4992612531D007F9B0E /* SwiftUI.framework in Frameworks */,
				45CAC10F2615CBCB00FF63E7 /* AppStoreConnect-Swift-SDK in Frameworks */,
				456187F626F6741A00FAE4F8 /* KeychainAccess in Frameworks */,
				45CAC10D2615CBC700FF63E7 /* SwiftCSV in Frameworks */,
				45E8C4972612531D007F9B0E /* WidgetKit.framework in Frameworks */,
				45CAC10B2615CBC200FF63E7 /* Gzip in Frameworks */,
			);
		};
/* End PBXFrameworksBuildPhase section */

/* Begin PBXGroup section */
		45E8C4742612512E007F9B0E = {
			isa = PBXGroup;
			children = (
				45E8C4A62612531E007F9B0E /* WidgetsExtension.entitlements */,
				1B7DF8A62E24173D0071B353 /* App Sales */,
				1B7DF8E12E2417540071B353 /* Widgets */,
				45E8C4952612531D007F9B0E /* Frameworks */,
				45E8C47E2612512E007F9B0E /* Products */,
			);
			sourceTree = "<group>";
		};
		45E8C47E2612512E007F9B0E /* Products */ = {
			isa = PBXGroup;
			children = (
				45E8C47D2612512E007F9B0E /* App Sales.app */,
				45E8C4942612531D007F9B0E /* WidgetsExtension.appex */,
			);
			name = Products;
			sourceTree = "<group>";
		};
		45E8C4952612531D007F9B0E /* Frameworks */ = {
			isa = PBXGroup;
			children = (
				1B25FAB52AECD18900C697B2 /* AppIntents.framework */,
				45E8C4962612531D007F9B0E /* WidgetKit.framework */,
				45E8C4982612531D007F9B0E /* SwiftUI.framework */,
				45FD5192261915F200603D8A /* Intents.framework */,
			);
			name = Frameworks;
			sourceTree = "<group>";
		};
/* End PBXGroup section */

/* Begin PBXNativeTarget section */
		45E8C47C2612512E007F9B0E /* App Sales */ = {
			isa = PBXNativeTarget;
			buildConfigurationList = 45E8C48C2612512F007F9B0E /* Build configuration list for PBXNativeTarget "App Sales" */;
			buildPhases = (
				45E8C4792612512E007F9B0E /* Sources */,
				45E8C47A2612512E007F9B0E /* Frameworks */,
				45E8C47B2612512E007F9B0E /* Resources */,
				45E8C4AA2612531E007F9B0E /* Embed Foundation Extensions */,
			);
			buildRules = (
			);
			dependencies = (
				45E8C4A42612531E007F9B0E /* PBXTargetDependency */,
			);
			fileSystemSynchronizedGroups = (
				1B7DF8A62E24173D0071B353 /* App Sales */,
			);
			name = "App Sales";
			packageProductDependencies = (
				45E8C4BC261267FB007F9B0E /* Gzip */,
				45E8C4BF261268D4007F9B0E /* SwiftCSV */,
				45CAC1082615CB8100FF63E7 /* AppStoreConnect-Swift-SDK */,
				456187F326F66FE400FAE4F8 /* KeychainAccess */,
			);
			productName = "AC Widget";
			productReference = 45E8C47D2612512E007F9B0E /* App Sales.app */;
			productType = "com.apple.product-type.application";
		};
		45E8C4932612531D007F9B0E /* WidgetsExtension */ = {
			isa = PBXNativeTarget;
			buildConfigurationList = 45E8C4A72612531E007F9B0E /* Build configuration list for PBXNativeTarget "WidgetsExtension" */;
			buildPhases = (
				45E8C4902612531D007F9B0E /* Sources */,
				45E8C4912612531D007F9B0E /* Frameworks */,
				45E8C4922612531D007F9B0E /* Resources */,
			);
			buildRules = (
			);
			fileSystemSynchronizedGroups = (
				1B7DF8A62E24173D0071B353 /* App Sales */,
				1B7DF8E12E2417540071B353 /* Widgets */,
			);
			name = WidgetsExtension;
			packageProductDependencies = (
				45CAC10A2615CBC200FF63E7 /* Gzip */,
				45CAC10C2615CBC700FF63E7 /* SwiftCSV */,
				45CAC10E2615CBCB00FF63E7 /* AppStoreConnect-Swift-SDK */,
				456187F526F6741A00FAE4F8 /* KeychainAccess */,
			);
			productName = WidgetsExtension;
			productReference = 45E8C4942612531D007F9B0E /* WidgetsExtension.appex */;
			productType = "com.apple.product-type.app-extension";
		};
/* End PBXNativeTarget section */

/* Begin PBXProject section */
		45E8C4752612512E007F9B0E /* Project object */ = {
			isa = PBXProject;
			attributes = {
				BuildIndependentTargetsInParallel = YES;
				LastSwiftUpdateCheck = 1240;
				LastUpgradeCheck = 2600;
				TargetAttributes = {
					45E8C47C2612512E007F9B0E = {
						CreatedOnToolsVersion = 12.5;
					};
					45E8C4932612531D007F9B0E = {
						CreatedOnToolsVersion = 12.5;
					};
				};
			};
			buildConfigurationList = 45E8C4782612512E007F9B0E /* Build configuration list for PBXProject "App Sales" */;
			developmentRegion = en;
			hasScannedForEncodings = 0;
			knownRegions = (
				en,
				Base,
			);
			mainGroup = 45E8C4742612512E007F9B0E;
			packageReferences = (
				45E8C4BB261267FB007F9B0E /* XCRemoteSwiftPackageReference "GzipSwift" */,
				45E8C4BE261268D4007F9B0E /* XCRemoteSwiftPackageReference "SwiftCSV" */,
				45CAC1072615CB8100FF63E7 /* XCRemoteSwiftPackageReference "appstoreconnect-swift-sdk" */,
				456187F226F66FE400FAE4F8 /* XCRemoteSwiftPackageReference "KeychainAccess" */,
			);
			preferredProjectObjectVersion = 90;
			productRefGroup = 45E8C47E2612512E007F9B0E /* Products */;
			projectDirPath = "";
			projectRoot = "";
			targets = (
				45E8C47C2612512E007F9B0E /* App Sales */,
				45E8C4932612531D007F9B0E /* WidgetsExtension */,
			);
		};
/* End PBXProject section */

/* Begin PBXResourcesBuildPhase section */
		45E8C47B2612512E007F9B0E /* Resources */ = {
			isa = PBXResourcesBuildPhase;
			files = (
			);
		};
		45E8C4922612531D007F9B0E /* Resources */ = {
			isa = PBXResourcesBuildPhase;
			files = (
			);
		};
/* End PBXResourcesBuildPhase section */

/* Begin PBXSourcesBuildPhase section */
		45E8C4792612512E007F9B0E /* Sources */ = {
			isa = PBXSourcesBuildPhase;
			files = (
			);
		};
		45E8C4902612531D007F9B0E /* Sources */ = {
			isa = PBXSourcesBuildPhase;
			files = (
			);
		};
/* End PBXSourcesBuildPhase section */

/* Begin PBXTargetDependency section */
		45E8C4A42612531E007F9B0E /* PBXTargetDependency */ = {
			isa = PBXTargetDependency;
			target = 45E8C4932612531D007F9B0E /* WidgetsExtension */;
			targetProxy = 45E8C4A32612531E007F9B0E /* PBXContainerItemProxy */;
		};
/* End PBXTargetDependency section */

/* Begin XCBuildConfiguration section */
		45E8C48A2612512F007F9B0E /* Debug configuration for PBXProject "App Sales" */ = {
			isa = XCBuildConfiguration;
			buildSettings = {
				ALWAYS_SEARCH_USER_PATHS = NO;
				CLANG_ANALYZER_LOCALIZABILITY_NONLOCALIZED = YES;
				CLANG_ANALYZER_NONNULL = YES;
				CLANG_ANALYZER_NUMBER_OBJECT_CONVERSION = YES_AGGRESSIVE;
				CLANG_CXX_LANGUAGE_STANDARD = "gnu++14";
				CLANG_CXX_LIBRARY = "libc++";
				CLANG_ENABLE_MODULES = YES;
				CLANG_ENABLE_OBJC_ARC = YES;
				CLANG_ENABLE_OBJC_WEAK = YES;
				CLANG_WARN_BLOCK_CAPTURE_AUTORELEASING = YES;
				CLANG_WARN_BOOL_CONVERSION = YES;
				CLANG_WARN_COMMA = YES;
				CLANG_WARN_CONSTANT_CONVERSION = YES;
				CLANG_WARN_DEPRECATED_OBJC_IMPLEMENTATIONS = YES;
				CLANG_WARN_DIRECT_OBJC_ISA_USAGE = YES_ERROR;
				CLANG_WARN_DOCUMENTATION_COMMENTS = YES;
				CLANG_WARN_EMPTY_BODY = YES;
				CLANG_WARN_ENUM_CONVERSION = YES;
				CLANG_WARN_INFINITE_RECURSION = YES;
				CLANG_WARN_INT_CONVERSION = YES;
				CLANG_WARN_NON_LITERAL_NULL_CONVERSION = YES;
				CLANG_WARN_OBJC_IMPLICIT_RETAIN_SELF = YES;
				CLANG_WARN_OBJC_LITERAL_CONVERSION = YES;
				CLANG_WARN_OBJC_ROOT_CLASS = YES_ERROR;
				CLANG_WARN_QUOTED_INCLUDE_IN_FRAMEWORK_HEADER = YES;
				CLANG_WARN_RANGE_LOOP_ANALYSIS = YES;
				CLANG_WARN_STRICT_PROTOTYPES = YES;
				CLANG_WARN_SUSPICIOUS_MOVE = YES;
				CLANG_WARN_UNGUARDED_AVAILABILITY = YES_AGGRESSIVE;
				CLANG_WARN_UNREACHABLE_CODE = YES;
				CLANG_WARN__DUPLICATE_METHOD_MATCH = YES;
				COPY_PHASE_STRIP = NO;
				DEBUG_INFORMATION_FORMAT = dwarf;
				DEVELOPMENT_TEAM = VA3SY54YU8;
				ENABLE_STRICT_OBJC_MSGSEND = YES;
				ENABLE_TESTABILITY = YES;
				ENABLE_USER_SCRIPT_SANDBOXING = YES;
				GCC_C_LANGUAGE_STANDARD = gnu11;
				GCC_DYNAMIC_NO_PIC = NO;
				GCC_NO_COMMON_BLOCKS = YES;
				GCC_OPTIMIZATION_LEVEL = 0;
				GCC_PREPROCESSOR_DEFINITIONS = (
					"DEBUG=1",
					"$(inherited)",
				);
				GCC_WARN_64_TO_32_BIT_CONVERSION = YES;
				GCC_WARN_ABOUT_RETURN_TYPE = YES_ERROR;
				GCC_WARN_UNDECLARED_SELECTOR = YES;
				GCC_WARN_UNINITIALIZED_AUTOS = YES_AGGRESSIVE;
				GCC_WARN_UNUSED_FUNCTION = YES;
				GCC_WARN_UNUSED_VARIABLE = YES;
				IPHONEOS_DEPLOYMENT_TARGET = 27.0;
				MACOSX_DEPLOYMENT_TARGET = 27.0;
				MTL_ENABLE_DEBUG_INFO = INCLUDE_SOURCE;
				MTL_FAST_MATH = YES;
				ONLY_ACTIVE_ARCH = YES;
				SDKROOT = iphoneos;
				STRING_CATALOG_GENERATE_SYMBOLS = YES;
				SWIFT_ACTIVE_COMPILATION_CONDITIONS = DEBUG;
				SWIFT_OPTIMIZATION_LEVEL = "-Onone";
				SWIFT_VERSION = 6.0;
				XROS_DEPLOYMENT_TARGET = 27.0;
			};
			name = Debug;
		};
		45E8C48B2612512F007F9B0E /* Release configuration for PBXProject "App Sales" */ = {
			isa = XCBuildConfiguration;
			buildSettings = {
				ALWAYS_SEARCH_USER_PATHS = NO;
				CLANG_ANALYZER_LOCALIZABILITY_NONLOCALIZED = YES;
				CLANG_ANALYZER_NONNULL = YES;
				CLANG_ANALYZER_NUMBER_OBJECT_CONVERSION = YES_AGGRESSIVE;
				CLANG_CXX_LANGUAGE_STANDARD = "gnu++14";
				CLANG_CXX_LIBRARY = "libc++";
				CLANG_ENABLE_MODULES = YES;
				CLANG_ENABLE_OBJC_ARC = YES;
				CLANG_ENABLE_OBJC_WEAK = YES;
				CLANG_WARN_BLOCK_CAPTURE_AUTORELEASING = YES;
				CLANG_WARN_BOOL_CONVERSION = YES;
				CLANG_WARN_COMMA = YES;
				CLANG_WARN_CONSTANT_CONVERSION = YES;
				CLANG_WARN_DEPRECATED_OBJC_IMPLEMENTATIONS = YES;
				CLANG_WARN_DIRECT_OBJC_ISA_USAGE = YES_ERROR;
				CLANG_WARN_DOCUMENTATION_COMMENTS = YES;
				CLANG_WARN_EMPTY_BODY = YES;
				CLANG_WARN_ENUM_CONVERSION = YES;
				CLANG_WARN_INFINITE_RECURSION = YES;
				CLANG_WARN_INT_CONVERSION = YES;
				CLANG_WARN_NON_LITERAL_NULL_CONVERSION = YES;
				CLANG_WARN_OBJC_IMPLICIT_RETAIN_SELF = YES;
				CLANG_WARN_OBJC_LITERAL_CONVERSION = YES;
				CLANG_WARN_OBJC_ROOT_CLASS = YES_ERROR;
				CLANG_WARN_QUOTED_INCLUDE_IN_FRAMEWORK_HEADER = YES;
				CLANG_WARN_RANGE_LOOP_ANALYSIS = YES;
				CLANG_WARN_STRICT_PROTOTYPES = YES;
				CLANG_WARN_SUSPICIOUS_MOVE = YES;
				CLANG_WARN_UNGUARDED_AVAILABILITY = YES_AGGRESSIVE;
				CLANG_WARN_UNREACHABLE_CODE = YES;
				CLANG_WARN__DUPLICATE_METHOD_MATCH = YES;
				COPY_PHASE_STRIP = NO;
				DEBUG_INFORMATION_FORMAT = "dwarf-with-dsym";
				DEVELOPMENT_TEAM = VA3SY54YU8;
				ENABLE_NS_ASSERTIONS = NO;
				ENABLE_STRICT_OBJC_MSGSEND = YES;
				ENABLE_USER_SCRIPT_SANDBOXING = YES;
				GCC_C_LANGUAGE_STANDARD = gnu11;
				GCC_NO_COMMON_BLOCKS = YES;
				GCC_WARN_64_TO_32_BIT_CONVERSION = YES;
				GCC_WARN_ABOUT_RETURN_TYPE = YES_ERROR;
				GCC_WARN_UNDECLARED_SELECTOR = YES;
				GCC_WARN_UNINITIALIZED_AUTOS = YES_AGGRESSIVE;
				GCC_WARN_UNUSED_FUNCTION = YES;
				GCC_WARN_UNUSED_VARIABLE = YES;
				IPHONEOS_DEPLOYMENT_TARGET = 27.0;
				MACOSX_DEPLOYMENT_TARGET = 27.0;
				MTL_ENABLE_DEBUG_INFO = NO;
				MTL_FAST_MATH = YES;
				SDKROOT = iphoneos;
				STRING_CATALOG_GENERATE_SYMBOLS = YES;
				SWIFT_COMPILATION_MODE = wholemodule;
				SWIFT_OPTIMIZATION_LEVEL = "-O";
				SWIFT_VERSION = 6.0;
				VALIDATE_PRODUCT = YES;
				XROS_DEPLOYMENT_TARGET = 27.0;
			};
			name = Release;
		};
		45E8C48D2612512F007F9B0E /* Debug configuration for PBXNativeTarget "App Sales" */ = {
			isa = XCBuildConfiguration;
			buildSettings = {
				ASSETCATALOG_COMPILER_APPICON_NAME = App;
				ASSETCATALOG_COMPILER_GLOBAL_ACCENT_COLOR_NAME = AccentColor;
				ASSETCATALOG_COMPILER_INCLUDE_ALL_APPICON_ASSETS = NO;
				CODE_SIGN_ENTITLEMENTS = "App Sales/App Sales.entitlements";
				CODE_SIGN_IDENTITY = "Apple Development";
				"CODE_SIGN_IDENTITY[sdk=macosx*]" = "Apple Development";
				CODE_SIGN_STYLE = Automatic;
				CURRENT_PROJECT_VERSION = 6;
				DEVELOPMENT_ASSET_PATHS = "";
				ENABLE_APP_SANDBOX = YES;
				ENABLE_OUTGOING_NETWORK_CONNECTIONS = YES;
				ENABLE_PREVIEWS = YES;
				INFOPLIST_FILE = "App Sales/Info.plist";
				INFOPLIST_KEY_LSApplicationCategoryType = "public.app-category.developer-tools";
				IPHONEOS_DEPLOYMENT_TARGET = 27.0;
				LD_RUNPATH_SEARCH_PATHS = (
					"$(inherited)",
					"@executable_path/Frameworks",
				);
				MACOSX_DEPLOYMENT_TARGET = 27.0;
				MARKETING_VERSION = 1.2;
				PRODUCT_BUNDLE_IDENTIFIER = com.jaydenirwin.appsales;
				PRODUCT_NAME = "$(TARGET_NAME)";
				PROVISIONING_PROFILE_SPECIFIER = "";
				"PROVISIONING_PROFILE_SPECIFIER[sdk=macosx*]" = "";
				REGISTER_APP_GROUPS = YES;
				SDKROOT = iphoneos;
				SUPPORTED_PLATFORMS = "iphoneos iphonesimulator macosx xros xrsimulator";
				SUPPORTS_MACCATALYST = NO;
				SUPPORTS_MAC_DESIGNED_FOR_IPHONE_IPAD = NO;
				SUPPORTS_XR_DESIGNED_FOR_IPHONE_IPAD = NO;
				SWIFT_VERSION = 5.0;
				TARGETED_DEVICE_FAMILY = "1,2,7";
				XROS_DEPLOYMENT_TARGET = 27.0;
			};
			name = Debug;
		};
		45E8C48E2612512F007F9B0E /* Release configuration for PBXNativeTarget "App Sales" */ = {
			isa = XCBuildConfiguration;
			buildSettings = {
				ASSETCATALOG_COMPILER_APPICON_NAME = App;
				ASSETCATALOG_COMPILER_GLOBAL_ACCENT_COLOR_NAME = AccentColor;
				ASSETCATALOG_COMPILER_INCLUDE_ALL_APPICON_ASSETS = NO;
				CODE_SIGN_ENTITLEMENTS = "App Sales/App Sales.entitlements";
				CODE_SIGN_IDENTITY = "Apple Development";
				"CODE_SIGN_IDENTITY[sdk=macosx*]" = "Apple Development";
				CODE_SIGN_STYLE = Automatic;
				CURRENT_PROJECT_VERSION = 6;
				DEVELOPMENT_ASSET_PATHS = "";
				ENABLE_APP_SANDBOX = YES;
				ENABLE_OUTGOING_NETWORK_CONNECTIONS = YES;
				ENABLE_PREVIEWS = YES;
				INFOPLIST_FILE = "App Sales/Info.plist";
				INFOPLIST_KEY_LSApplicationCategoryType = "public.app-category.developer-tools";
				IPHONEOS_DEPLOYMENT_TARGET = 27.0;
				LD_RUNPATH_SEARCH_PATHS = (
					"$(inherited)",
					"@executable_path/Frameworks",
				);
				MACOSX_DEPLOYMENT_TARGET = 27.0;
				MARKETING_VERSION = 1.2;
				PRODUCT_BUNDLE_IDENTIFIER = com.jaydenirwin.appsales;
				PRODUCT_NAME = "$(TARGET_NAME)";
				PROVISIONING_PROFILE_SPECIFIER = "";
				"PROVISIONING_PROFILE_SPECIFIER[sdk=macosx*]" = "";
				REGISTER_APP_GROUPS = YES;
				SDKROOT = iphoneos;
				SUPPORTED_PLATFORMS = "iphoneos iphonesimulator macosx xros xrsimulator";
				SUPPORTS_MACCATALYST = NO;
				SUPPORTS_MAC_DESIGNED_FOR_IPHONE_IPAD = NO;
				SUPPORTS_XR_DESIGNED_FOR_IPHONE_IPAD = NO;
				SWIFT_VERSION = 5.0;
				TARGETED_DEVICE_FAMILY = "1,2,7";
				XROS_DEPLOYMENT_TARGET = 27.0;
			};
			name = Release;
		};
		45E8C4A82612531E007F9B0E /* Debug configuration for PBXNativeTarget "WidgetsExtension" */ = {
			isa = XCBuildConfiguration;
			buildSettings = {
				ASSETCATALOG_COMPILER_GLOBAL_ACCENT_COLOR_NAME = AccentColor;
				ASSETCATALOG_COMPILER_WIDGET_BACKGROUND_COLOR_NAME = WidgetBackground;
				CODE_SIGN_ENTITLEMENTS = WidgetsExtension.entitlements;
				CODE_SIGN_STYLE = Automatic;
				CURRENT_PROJECT_VERSION = 6;
				ENABLE_APP_SANDBOX = YES;
				ENABLE_HARDENED_RUNTIME = YES;
				ENABLE_OUTGOING_NETWORK_CONNECTIONS = YES;
				INFOPLIST_FILE = Widgets/Info.plist;
				IPHONEOS_DEPLOYMENT_TARGET = 27.0;
				LD_RUNPATH_SEARCH_PATHS = (
					"$(inherited)",
					"@executable_path/Frameworks",
					"@executable_path/../../Frameworks",
				);
				MACOSX_DEPLOYMENT_TARGET = 27.0;
				MARKETING_VERSION = 1.2;
				PRODUCT_BUNDLE_IDENTIFIER = com.jaydenirwin.appsales.widget;
				PRODUCT_NAME = "$(TARGET_NAME)";
				REGISTER_APP_GROUPS = YES;
				SKIP_INSTALL = YES;
				SUPPORTED_PLATFORMS = "iphoneos iphonesimulator macosx xros xrsimulator";
				SUPPORTS_MACCATALYST = NO;
				SUPPORTS_MAC_DESIGNED_FOR_IPHONE_IPAD = NO;
				SUPPORTS_XR_DESIGNED_FOR_IPHONE_IPAD = NO;
				SWIFT_VERSION = 5.0;
				TARGETED_DEVICE_FAMILY = "1,2,7";
				TVOS_DEPLOYMENT_TARGET = 14.0;
				WATCHOS_DEPLOYMENT_TARGET = 7.0;
				XROS_DEPLOYMENT_TARGET = 27.0;
			};
			name = Debug;
		};
		45E8C4A92612531E007F9B0E /* Release configuration for PBXNativeTarget "WidgetsExtension" */ = {
			isa = XCBuildConfiguration;
			buildSettings = {
				ASSETCATALOG_COMPILER_GLOBAL_ACCENT_COLOR_NAME = AccentColor;
				ASSETCATALOG_COMPILER_WIDGET_BACKGROUND_COLOR_NAME = WidgetBackground;
				CODE_SIGN_ENTITLEMENTS = WidgetsExtension.entitlements;
				CODE_SIGN_STYLE = Automatic;
				CURRENT_PROJECT_VERSION = 6;
				ENABLE_APP_SANDBOX = YES;
				ENABLE_HARDENED_RUNTIME = YES;
				ENABLE_OUTGOING_NETWORK_CONNECTIONS = YES;
				INFOPLIST_FILE = Widgets/Info.plist;
				IPHONEOS_DEPLOYMENT_TARGET = 27.0;
				LD_RUNPATH_SEARCH_PATHS = (
					"$(inherited)",
					"@executable_path/Frameworks",
					"@executable_path/../../Frameworks",
				);
				MACOSX_DEPLOYMENT_TARGET = 27.0;
				MARKETING_VERSION = 1.2;
				PRODUCT_BUNDLE_IDENTIFIER = com.jaydenirwin.appsales.widget;
				PRODUCT_NAME = "$(TARGET_NAME)";
				REGISTER_APP_GROUPS = YES;
				SKIP_INSTALL = YES;
				SUPPORTED_PLATFORMS = "iphoneos iphonesimulator macosx xros xrsimulator";
				SUPPORTS_MACCATALYST = NO;
				SUPPORTS_MAC_DESIGNED_FOR_IPHONE_IPAD = NO;
				SUPPORTS_XR_DESIGNED_FOR_IPHONE_IPAD = NO;
				SWIFT_VERSION = 5.0;
				TARGETED_DEVICE_FAMILY = "1,2,7";
				TVOS_DEPLOYMENT_TARGET = 14.0;
				WATCHOS_DEPLOYMENT_TARGET = 7.0;
				XROS_DEPLOYMENT_TARGET = 27.0;
			};
			name = Release;
		};
/* End XCBuildConfiguration section */

/* Begin XCConfigurationList section */
		45E8C4782612512E007F9B0E /* Build configuration list for PBXProject "App Sales" */ = {
			isa = XCConfigurationList;
			buildConfigurations = (
				45E8C48A2612512F007F9B0E /* Debug configuration for PBXProject "App Sales" */,
				45E8C48B2612512F007F9B0E /* Release configuration for PBXProject "App Sales" */,
			);
			defaultConfigurationName = Release;
		};
		45E8C48C2612512F007F9B0E /* Build configuration list for PBXNativeTarget "App Sales" */ = {
			isa = XCConfigurationList;
			buildConfigurations = (
				45E8C48D2612512F007F9B0E /* Debug configuration for PBXNativeTarget "App Sales" */,
				45E8C48E2612512F007F9B0E /* Release configuration for PBXNativeTarget "App Sales" */,
			);
			defaultConfigurationName = Release;
		};
		45E8C4A72612531E007F9B0E /* Build configuration list for PBXNativeTarget "WidgetsExtension" */ = {
			isa = XCConfigurationList;
			buildConfigurations = (
				45E8C4A82612531E007F9B0E /* Debug configuration for PBXNativeTarget "WidgetsExtension" */,
				45E8C4A92612531E007F9B0E /* Release configuration for PBXNativeTarget "WidgetsExtension" */,
			);
			defaultConfigurationName = Release;
		};
/* End XCConfigurationList section */

/* Begin XCRemoteSwiftPackageReference section */
		456187F226F66FE400FAE4F8 /* XCRemoteSwiftPackageReference "KeychainAccess" */ = {
			isa = XCRemoteSwiftPackageReference;
			repositoryURL = "https://github.com/kishikawakatsumi/KeychainAccess.git";
			requirement = {
				kind = upToNextMajorVersion;
				minimumVersion = 4.0.0;
			};
		};
		45CAC1072615CB8100FF63E7 /* XCRemoteSwiftPackageReference "appstoreconnect-swift-sdk" */ = {
			isa = XCRemoteSwiftPackageReference;
			repositoryURL = "https://github.com/AvdLee/appstoreconnect-swift-sdk.git";
			requirement = {
				kind = upToNextMajorVersion;
				minimumVersion = 1.4.0;
			};
		};
		45E8C4BB261267FB007F9B0E /* XCRemoteSwiftPackageReference "GzipSwift" */ = {
			isa = XCRemoteSwiftPackageReference;
			repositoryURL = "https://github.com/1024jp/GzipSwift";
			requirement = {
				kind = upToNextMajorVersion;
				minimumVersion = 5.1.1;
			};
		};
		45E8C4BE261268D4007F9B0E /* XCRemoteSwiftPackageReference "SwiftCSV" */ = {
			isa = XCRemoteSwiftPackageReference;
			repositoryURL = "https://github.com/swiftcsv/SwiftCSV";
			requirement = {
				kind = upToNextMajorVersion;
				minimumVersion = 0.6.0;
			};
		};
/* End XCRemoteSwiftPackageReference section */

/* Begin XCSwiftPackageProductDependency section */
		456187F326F66FE400FAE4F8 /* KeychainAccess */ = {
			isa = XCSwiftPackageProductDependency;
			package = 456187F226F66FE400FAE4F8 /* XCRemoteSwiftPackageReference "KeychainAccess" */;
			productName = KeychainAccess;
		};
		456187F526F6741A00FAE4F8 /* KeychainAccess */ = {
			isa = XCSwiftPackageProductDependency;
			package = 456187F226F66FE400FAE4F8 /* XCRemoteSwiftPackageReference "KeychainAccess" */;
			productName = KeychainAccess;
		};
		45CAC1082615CB8100FF63E7 /* AppStoreConnect-Swift-SDK */ = {
			isa = XCSwiftPackageProductDependency;
			package = 45CAC1072615CB8100FF63E7 /* XCRemoteSwiftPackageReference "appstoreconnect-swift-sdk" */;
			productName = "AppStoreConnect-Swift-SDK";
		};
		45CAC10A2615CBC200FF63E7 /* Gzip */ = {
			isa = XCSwiftPackageProductDependency;
			package = 45E8C4BB261267FB007F9B0E /* XCRemoteSwiftPackageReference "GzipSwift" */;
			productName = Gzip;
		};
		45CAC10C2615CBC700FF63E7 /* SwiftCSV */ = {
			isa = XCSwiftPackageProductDependency;
			package = 45E8C4BE261268D4007F9B0E /* XCRemoteSwiftPackageReference "SwiftCSV" */;
			productName = SwiftCSV;
		};
		45CAC10E2615CBCB00FF63E7 /* AppStoreConnect-Swift-SDK */ = {
			isa = XCSwiftPackageProductDependency;
			package = 45CAC1072615CB8100FF63E7 /* XCRemoteSwiftPackageReference "appstoreconnect-swift-sdk" */;
			productName = "AppStoreConnect-Swift-SDK";
		};
		45E8C4BC261267FB007F9B0E /* Gzip */ = {
			isa = XCSwiftPackageProductDependency;
			package = 45E8C4BB261267FB007F9B0E /* XCRemoteSwiftPackageReference "GzipSwift" */;
			productName = Gzip;
		};
		45E8C4BF261268D4007F9B0E /* SwiftCSV */ = {
			isa = XCSwiftPackageProductDependency;
			package = 45E8C4BE261268D4007F9B0E /* XCRemoteSwiftPackageReference "SwiftCSV" */;
			productName = SwiftCSV;
		};
/* End XCSwiftPackageProductDependency section */
	};
	rootObject = 45E8C4752612512E007F9B0E /* Project object */;
}
